
Microsoft Visual Studio Solution File, Format Version 12.00
# Visual Studio Version 17
VisualStudioVersion = 17.8.34322.80
MinimumVisualStudioVersion = 10.0.40219.1
Project("{FAE04EC0-301F-11D3-BF4B-00C04F79EFBC}") = "MIDI2LengthAndFreqsArrays", "MIDI2LengthAndFreqsArrays.csproj", "{451ACE94-CC93-40C9-866A-793C9196F3BD}"
EndProject
Global
	GlobalSection(SolutionConfigurationPlatforms) = preSolution
		Debug|Any CPU = Debug|Any CPU
		Release|Any CPU = Release|Any CPU
	EndGlobalSection
	GlobalSection(ProjectConfigurationPlatforms) = postSolution
		{451ACE94-CC93-40C9-866A-793C9196F3BD}.Debug|Any CPU.ActiveCfg = Debug|Any CPU
		{451ACE94-CC93-40C9-866A-793C9196F3BD}.Debug|Any CPU.Build.0 = Debug|Any CPU
		{451ACE94-CC93-40C9-866A-793C9196F3BD}.Release|Any CPU.ActiveCfg = Release|Any CPU
		{451ACE94-CC93-40C9-866A-793C9196F3BD}.Release|Any CPU.Build.0 = Release|Any CPU
	EndGlobalSection
	GlobalSection(SolutionProperties) = preSolution
		HideSolutionNode = FALSE
	EndGlobalSection
	GlobalSection(ExtensibilityGlobals) = postSolution
		SolutionGuid = {1046849F-9565-438E-96E5-80B904354201}
	EndGlobalSection
EndGlobal
